
Microsoft Visual Studio Solution File, Format Version 12.00
# Visual Studio 15
VisualStudioVersion = 15.0.27703.2047
MinimumVisualStudioVersion = 10.0.40219.1
Project("{FAE04EC0-301F-11D3-BF4B-00C04F79EFBC}") = "Conversor.Api.Domain", "Conversor\Conversor.Api.Domain.csproj", "{E97714B0-8EF2-485A-B542-E97910AB0D48}"
EndProject
Project("{2150E333-8FDC-42A3-9474-1A3956D46DE8}") = "API", "API", "{B2ECEDD2-E0D3-4073-B2A7-9F7837B1C2AA}"
EndProject
Project("{2150E333-8FDC-42A3-9474-1A3956D46DE8}") = "Tests", "Tests", "{E16C6506-E56E-4CFD-A76A-98661B8A0853}"
EndProject
Project("{FAE04EC0-301F-11D3-BF4B-00C04F79EFBC}") = "Conversor.Api.Domain.Tests", "Conversor.Api.Domain.Tests\Conversor.Api.Domain.Tests.csproj", "{2AEB09FB-9FC6-47BE-BF6C-8BF86A558508}"
EndProject
Project("{2150E333-8FDC-42A3-9474-1A3956D46DE8}") = "Services", "Services", "{F2A1AAC4-5EC9-42F9-988C-9CFAB696C831}"
EndProject
Project("{FAE04EC0-301F-11D3-BF4B-00C04F79EFBC}") = "Conversor.Api.CurrenciesByCurrencyLayer", "Conversor.Api.CurrenciesByCurrencyLayer\Conversor.Api.CurrenciesByCurrencyLayer.csproj", "{58D89EAB-BF45-4962-9D84-306D0F10B6BD}"
EndProject
Project("{FAE04EC0-301F-11D3-BF4B-00C04F79EFBC}") = "SandBox", "SandBox\SandBox.csproj", "{DC6B56C0-71A4-4D5E-8440-C75CD5602846}"
EndProject
Project("{2150E333-8FDC-42A3-9474-1A3956D46DE8}") = "Domain", "Domain", "{30B1D2A6-97BB-4EE6-A23C-4D04C3AFE11A}"
EndProject
Project("{2150E333-8FDC-42A3-9474-1A3956D46DE8}") = "Presentation", "Presentation", "{3825D5BD-9E47-41C3-81E2-1611BF7728D7}"
EndProject
Project("{FAE04EC0-301F-11D3-BF4B-00C04F79EFBC}") = "Conversor.Api.Presentation", "Conversor.Api.Presentation\Conversor.Api.Presentation.csproj", "{AFCFF61C-1265-40CF-B85A-7B607AC8D0A2}"
EndProject
Project("{2150E333-8FDC-42A3-9474-1A3956D46DE8}") = "IOC", "IOC", "{7190B6A3-DA02-4622-84E9-869870C30773}"
EndProject
Project("{FAE04EC0-301F-11D3-BF4B-00C04F79EFBC}") = "Conversor.Api.IOC", "Conversor.Api.IOC\Conversor.Api.IOC.csproj", "{C923D225-3D30-4281-86D8-37EFE5CD435F}"
EndProject
Global
	GlobalSection(SolutionConfigurationPlatforms) = preSolution
		Debug|Any CPU = Debug|Any CPU
		Release|Any CPU = Release|Any CPU
	EndGlobalSection
	GlobalSection(ProjectConfigurationPlatforms) = postSolution
		{E97714B0-8EF2-485A-B542-E97910AB0D48}.Debug|Any CPU.ActiveCfg = Debug|Any CPU
		{E97714B0-8EF2-485A-B542-E97910AB0D48}.Debug|Any CPU.Build.0 = Debug|Any CPU
		{E97714B0-8EF2-485A-B542-E97910AB0D48}.Release|Any CPU.ActiveCfg = Release|Any CPU
		{E97714B0-8EF2-485A-B542-E97910AB0D48}.Release|Any CPU.Build.0 = Release|Any CPU
		{2AEB09FB-9FC6-47BE-BF6C-8BF86A558508}.Debug|Any CPU.ActiveCfg = Debug|Any CPU
		{2AEB09FB-9FC6-47BE-BF6C-8BF86A558508}.Debug|Any CPU.Build.0 = Debug|Any CPU
		{2AEB09FB-9FC6-47BE-BF6C-8BF86A558508}.Release|Any CPU.ActiveCfg = Release|Any CPU
		{2AEB09FB-9FC6-47BE-BF6C-8BF86A558508}.Release|Any CPU.Build.0 = Release|Any CPU
		{58D89EAB-BF45-4962-9D84-306D0F10B6BD}.Debug|Any CPU.ActiveCfg = Debug|Any CPU
		{58D89EAB-BF45-4962-9D84-306D0F10B6BD}.Debug|Any CPU.Build.0 = Debug|Any CPU
		{58D89EAB-BF45-4962-9D84-306D0F10B6BD}.Release|Any CPU.ActiveCfg = Release|Any CPU
		{58D89EAB-BF45-4962-9D84-306D0F10B6BD}.Release|Any CPU.Build.0 = Release|Any CPU
		{DC6B56C0-71A4-4D5E-8440-C75CD5602846}.Debug|Any CPU.ActiveCfg = Debug|Any CPU
		{DC6B56C0-71A4-4D5E-8440-C75CD5602846}.Debug|Any CPU.Build.0 = Debug|Any CPU
		{DC6B56C0-71A4-4D5E-8440-C75CD5602846}.Release|Any CPU.ActiveCfg = Release|Any CPU
		{DC6B56C0-71A4-4D5E-8440-C75CD5602846}.Release|Any CPU.Build.0 = Release|Any CPU
		{AFCFF61C-1265-40CF-B85A-7B607AC8D0A2}.Debug|Any CPU.ActiveCfg = Debug|Any CPU
		{AFCFF61C-1265-40CF-B85A-7B607AC8D0A2}.Debug|Any CPU.Build.0 = Debug|Any CPU
		{AFCFF61C-1265-40CF-B85A-7B607AC8D0A2}.Release|Any CPU.ActiveCfg = Release|Any CPU
		{AFCFF61C-1265-40CF-B85A-7B607AC8D0A2}.Release|Any CPU.Build.0 = Release|Any CPU
		{C923D225-3D30-4281-86D8-37EFE5CD435F}.Debug|Any CPU.ActiveCfg = Debug|Any CPU
		{C923D225-3D30-4281-86D8-37EFE5CD435F}.Debug|Any CPU.Build.0 = Debug|Any CPU
		{C923D225-3D30-4281-86D8-37EFE5CD435F}.Release|Any CPU.ActiveCfg = Release|Any CPU
		{C923D225-3D30-4281-86D8-37EFE5CD435F}.Release|Any CPU.Build.0 = Release|Any CPU
	EndGlobalSection
	GlobalSection(SolutionProperties) = preSolution
		HideSolutionNode = FALSE
	EndGlobalSection
	GlobalSection(NestedProjects) = preSolution
		{E97714B0-8EF2-485A-B542-E97910AB0D48} = {30B1D2A6-97BB-4EE6-A23C-4D04C3AFE11A}
		{2AEB09FB-9FC6-47BE-BF6C-8BF86A558508} = {E16C6506-E56E-4CFD-A76A-98661B8A0853}
		{F2A1AAC4-5EC9-42F9-988C-9CFAB696C831} = {B2ECEDD2-E0D3-4073-B2A7-9F7837B1C2AA}
		{58D89EAB-BF45-4962-9D84-306D0F10B6BD} = {F2A1AAC4-5EC9-42F9-988C-9CFAB696C831}
		{DC6B56C0-71A4-4D5E-8440-C75CD5602846} = {E16C6506-E56E-4CFD-A76A-98661B8A0853}
		{30B1D2A6-97BB-4EE6-A23C-4D04C3AFE11A} = {B2ECEDD2-E0D3-4073-B2A7-9F7837B1C2AA}
		{3825D5BD-9E47-41C3-81E2-1611BF7728D7} = {B2ECEDD2-E0D3-4073-B2A7-9F7837B1C2AA}
		{AFCFF61C-1265-40CF-B85A-7B607AC8D0A2} = {3825D5BD-9E47-41C3-81E2-1611BF7728D7}
		{7190B6A3-DA02-4622-84E9-869870C30773} = {B2ECEDD2-E0D3-4073-B2A7-9F7837B1C2AA}
		{C923D225-3D30-4281-86D8-37EFE5CD435F} = {7190B6A3-DA02-4622-84E9-869870C30773}
	EndGlobalSection
	GlobalSection(ExtensibilityGlobals) = postSolution
		SolutionGuid = {6D96DB52-D1D6-4C24-BF88-CB3AF3975687}
	EndGlobalSection
EndGlobal
